Microsoft Visual Studio Solution File, Format Version 12.00
# Visual Studio Version 17
VisualStudioVersion = 17.5.2.0
MinimumVisualStudioVersion = 10.0.40219.1
Project("{FAE04EC0-301F-11D3-BF4B-00C04F79EFBC}") = "WatchAPI", "WatchAPI.csproj", "{BBDEB718-EBF0-C6C3-F449-67FBC611C0C7}"
EndProject
Global
	GlobalSection(SolutionConfigurationPlatforms) = preSolution
		Debug|Any CPU = Debug|Any CPU
		Release|Any CPU = Release|Any CPU
	EndGlobalSection
	GlobalSection(ProjectConfigurationPlatforms) = postSolution
		{BBDEB718-EBF0-C6C3-F449-67FBC611C0C7}.Debug|Any CPU.ActiveCfg = Debug|Any CPU
		{BBDEB718-EBF0-C6C3-F449-67FBC611C0C7}.Debug|Any CPU.Build.0 = Debug|Any CPU
		{BBDEB718-EBF0-C6C3-F449-67FBC611C0C7}.Release|Any CPU.ActiveCfg = Release|Any CPU
		{BBDEB718-EBF0-C6C3-F449-67FBC611C0C7}.Release|Any CPU.Build.0 = Release|Any CPU
	EndGlobalSection
	GlobalSection(SolutionProperties) = preSolution
		HideSolutionNode = FALSE
	EndGlobalSection
	GlobalSection(ExtensibilityGlobals) = postSolution
		SolutionGuid = {F535F737-5C9B-48F0-9DF2-C6FFB5143792}
	EndGlobalSection
EndGlobal
